// !$*UTF8*$!
{
	archiveVersion = 1;
	classes = {
	};
	objectVersion = 50;
	objects = {

/* Begin PBXBuildFile section */
		F0324F0523F82EA700AFA2CB /* Data+JSONFile.swift in Sources */ = {isa = PBXBuildFile; fileRef = F0324F0423F82EA700AFA2CB /* Data+JSONFile.swift */; };
		F0324F0723F82F3A00AFA2CB /* StackOverflowClientTests.swift in Sources */ = {isa = PBXBuildFile; fileRef = F0324F0623F82F3A00AFA2CB /* StackOverflowClientTests.swift */; };
		F0324F0A23F8305100AFA2CB /* StackOverflowClient.swift in Sources */ = {isa = PBXBuildFile; fileRef = F0324F0923F8305100AFA2CB /* StackOverflowClient.swift */; };
		F0324F0D23F8328600AFA2CB /* Users.swift in Sources */ = {isa = PBXBuildFile; fileRef = F0324F0C23F8328600AFA2CB /* Users.swift */; };
		F0324F1023F8336400AFA2CB /* UserTests.swift in Sources */ = {isa = PBXBuildFile; fileRef = F0324F0F23F8336400AFA2CB /* UserTests.swift */; };
		F0324F1423F8367200AFA2CB /* DecodableTestCase.swift in Sources */ = {isa = PBXBuildFile; fileRef = F0324F1223F8358D00AFA2CB /* DecodableTestCase.swift */; };
		F0324F1723F83D5000AFA2CB /* User.json in Resources */ = {isa = PBXBuildFile; fileRef = F0324F1623F83D5000AFA2CB /* User.json */; };
		F0324F1A23F83FAE00AFA2CB /* XCTAssertEqualToAny.swift in Sources */ = {isa = PBXBuildFile; fileRef = F0324F1923F83FAE00AFA2CB /* XCTAssertEqualToAny.swift */; };
		F0324F1C23F8453100AFA2CB /* ItemsTests.swift in Sources */ = {isa = PBXBuildFile; fileRef = F0324F1B23F8453100AFA2CB /* ItemsTests.swift */; };
		F0324F1E23F8459D00AFA2CB /* Items.swift in Sources */ = {isa = PBXBuildFile; fileRef = F0324F1D23F8459D00AFA2CB /* Items.swift */; };
		F0324F2023F84B7600AFA2CB /* Items.json in Resources */ = {isa = PBXBuildFile; fileRef = F0324F1F23F84B7600AFA2CB /* Items.json */; };
		F0324F2223F84F0900AFA2CB /* SOTopTwentyUIKit.framework in Frameworks */ = {isa = PBXBuildFile; fileRef = F061308F23F5BE3A00DD39B3 /* SOTopTwentyUIKit.framework */; };
		F0324F2323F84F0900AFA2CB /* SOTopTwentyUIKit.framework in Embed Frameworks */ = {isa = PBXBuildFile; fileRef = F061308F23F5BE3A00DD39B3 /* SOTopTwentyUIKit.framework */; settings = {ATTRIBUTES = (CodeSignOnCopy, RemoveHeadersOnCopy, ); }; };
		F0324F2723F8632F00AFA2CB /* GetUsersMissingValuesResponse.json in Resources */ = {isa = PBXBuildFile; fileRef = F0324F2623F8632F00AFA2CB /* GetUsersMissingValuesResponse.json */; };
		F0324F2D23F881D900AFA2CB /* MainViewControllerTest.swift in Sources */ = {isa = PBXBuildFile; fileRef = F0324F2C23F881D900AFA2CB /* MainViewControllerTest.swift */; };
		F0324F3023F8961D00AFA2CB /* MainViewModel.swift in Sources */ = {isa = PBXBuildFile; fileRef = F0324F2F23F8961D00AFA2CB /* MainViewModel.swift */; };
		F0324F3323F8964E00AFA2CB /* MainViewModelTests.swift in Sources */ = {isa = PBXBuildFile; fileRef = F0324F3223F8964E00AFA2CB /* MainViewModelTests.swift */; };
		F0324F3523F8AD1300AFA2CB /* Dynamic.swift in Sources */ = {isa = PBXBuildFile; fileRef = F0324F3423F8AD1300AFA2CB /* Dynamic.swift */; };
		F0324F3723F8C96300AFA2CB /* CellViewModel.swift in Sources */ = {isa = PBXBuildFile; fileRef = F0324F3623F8C96300AFA2CB /* CellViewModel.swift */; };
		F0324F3923F8C98000AFA2CB /* CellViewModelTests.swift in Sources */ = {isa = PBXBuildFile; fileRef = F0324F3823F8C98000AFA2CB /* CellViewModelTests.swift */; };
		F0324F3D23F8EE7200AFA2CB /* UserTableViewCell.swift in Sources */ = {isa = PBXBuildFile; fileRef = F0324F3B23F8EE7200AFA2CB /* UserTableViewCell.swift */; };
		F0324F3E23F8EE7200AFA2CB /* UserTableViewCell.xib in Resources */ = {isa = PBXBuildFile; fileRef = F0324F3C23F8EE7200AFA2CB /* UserTableViewCell.xib */; };
		F0324F4023F95AA000AFA2CB /* Media.xcassets in Resources */ = {isa = PBXBuildFile; fileRef = F0324F3F23F95AA000AFA2CB /* Media.xcassets */; };
		F061300F23F4C37100DD39B3 /* AppDelegate.swift in Sources */ = {isa = PBXBuildFile; fileRef = F061300E23F4C37100DD39B3 /* AppDelegate.swift */; };
		F061301123F4C37100DD39B3 /* SceneDelegate.swift in Sources */ = {isa = PBXBuildFile; fileRef = F061301023F4C37100DD39B3 /* SceneDelegate.swift */; };
		F061301823F4C37700DD39B3 /* Assets.xcassets in Resources */ = {isa = PBXBuildFile; fileRef = F061301723F4C37700DD39B3 /* Assets.xcassets */; };
		F061301B23F4C37700DD39B3 /* LaunchScreen.storyboard in Resources */ = {isa = PBXBuildFile; fileRef = F061301923F4C37700DD39B3 /* LaunchScreen.storyboard */; };
		F061304223F4C54200DD39B3 /* SOTopTwentyKit.framework in Frameworks */ = {isa = PBXBuildFile; fileRef = F061303923F4C54100DD39B3 /* SOTopTwentyKit.framework */; };
		F061304923F4C54200DD39B3 /* SOTopTwentyKitTests.swift in Sources */ = {isa = PBXBuildFile; fileRef = F061304823F4C54200DD39B3 /* SOTopTwentyKitTests.swift */; };
		F061304B23F4C54200DD39B3 /* SOTopTwentyKit.h in Headers */ = {isa = PBXBuildFile; fileRef = F061303B23F4C54100DD39B3 /* SOTopTwentyKit.h */; settings = {ATTRIBUTES = (Public, ); }; };
		F061304E23F4C54200DD39B3 /* SOTopTwentyKit.framework in Frameworks */ = {isa = PBXBuildFile; fileRef = F061303923F4C54100DD39B3 /* SOTopTwentyKit.framework */; };
		F061304F23F4C54200DD39B3 /* SOTopTwentyKit.framework in Embed Frameworks */ = {isa = PBXBuildFile; fileRef = F061303923F4C54100DD39B3 /* SOTopTwentyKit.framework */; settings = {ATTRIBUTES = (CodeSignOnCopy, RemoveHeadersOnCopy, ); }; };
		F061306423F5AAC700DD39B3 /* SOTopTwenty_iOS.framework in Frameworks */ = {isa = PBXBuildFile; fileRef = F061305B23F5AAC600DD39B3 /* SOTopTwenty_iOS.framework */; };
		F061306B23F5AAC700DD39B3 /* SOTopTwenty_iOSTests.swift in Sources */ = {isa = PBXBuildFile; fileRef = F061306A23F5AAC700DD39B3 /* SOTopTwenty_iOSTests.swift */; };
		F061306D23F5AAC700DD39B3 /* SOTopTwenty_iOS.h in Headers */ = {isa = PBXBuildFile; fileRef = F061305D23F5AAC600DD39B3 /* SOTopTwenty_iOS.h */; settings = {ATTRIBUTES = (Public, ); }; };
		F061307023F5AAC700DD39B3 /* SOTopTwenty_iOS.framework in Frameworks */ = {isa = PBXBuildFile; fileRef = F061305B23F5AAC600DD39B3 /* SOTopTwenty_iOS.framework */; };
		F061307123F5AAC700DD39B3 /* SOTopTwenty_iOS.framework in Embed Frameworks */ = {isa = PBXBuildFile; fileRef = F061305B23F5AAC600DD39B3 /* SOTopTwenty_iOS.framework */; settings = {ATTRIBUTES = (CodeSignOnCopy, RemoveHeadersOnCopy, ); }; };
		F061309823F5BE3B00DD39B3 /* SOTopTwentyUIKit.framework in Frameworks */ = {isa = PBXBuildFile; fileRef = F061308F23F5BE3A00DD39B3 /* SOTopTwentyUIKit.framework */; };
		F061309F23F5BE3B00DD39B3 /* SOTopTwentyUIKitTests.swift in Sources */ = {isa = PBXBuildFile; fileRef = F061309E23F5BE3B00DD39B3 /* SOTopTwentyUIKitTests.swift */; };
		F06130A123F5BE3B00DD39B3 /* SOTopTwentyUIKit.h in Headers */ = {isa = PBXBuildFile; fileRef = F061309123F5BE3A00DD39B3 /* SOTopTwentyUIKit.h */; settings = {ATTRIBUTES = (Public, ); }; };
		F06130AD23F5C24600DD39B3 /* MainViewController.swift in Sources */ = {isa = PBXBuildFile; fileRef = F06130AC23F5C24600DD39B3 /* MainViewController.swift */; };
		F06130AF23F5C28300DD39B3 /* SOTopTwentyAppDependencyContainer.swift in Sources */ = {isa = PBXBuildFile; fileRef = F06130AE23F5C28300DD39B3 /* SOTopTwentyAppDependencyContainer.swift */; };
		F06130B323F5CD1700DD39B3 /* NiblessView.swift in Sources */ = {isa = PBXBuildFile; fileRef = F06130B223F5CD1700DD39B3 /* NiblessView.swift */; };
		F06130B523F5CE7400DD39B3 /* NiblessViewController.swift in Sources */ = {isa = PBXBuildFile; fileRef = F06130B423F5CE7400DD39B3 /* NiblessViewController.swift */; };
		F06130B723F5CEB500DD39B3 /* NiblessNavigationController.swift in Sources */ = {isa = PBXBuildFile; fileRef = F06130B623F5CEB500DD39B3 /* NiblessNavigationController.swift */; };
/* End PBXBuildFile section */

/* Begin PBXContainerItemProxy section */
		F0324F2423F84F0900AFA2CB /* PBXContainerItemProxy */ = {
			isa = PBXContainerItemProxy;
			containerPortal = F061300323F4C37100DD39B3 /* Project object */;
			proxyType = 1;
			remoteGlobalIDString = F061308E23F5BE3A00DD39B3;
			remoteInfo = SOTopTwentyUIKit;
		};
		F061304323F4C54200DD39B3 /* PBXContainerItemProxy */ = {
			isa = PBXContainerItemProxy;
			containerPortal = F061300323F4C37100DD39B3 /* Project object */;
			proxyType = 1;
			remoteGlobalIDString = F061303823F4C54100DD39B3;
			remoteInfo = SOTopTwentyKit;
		};
		F061304523F4C54200DD39B3 /* PBXContainerItemProxy */ = {
			isa = PBXContainerItemProxy;
			containerPortal = F061300323F4C37100DD39B3 /* Project object */;
			proxyType = 1;
			remoteGlobalIDString = F061300A23F4C37100DD39B3;
			remoteInfo = SOTopTwenty;
		};
		F061304C23F4C54200DD39B3 /* PBXContainerItemProxy */ = {
			isa = PBXContainerItemProxy;
			containerPortal = F061300323F4C37100DD39B3 /* Project object */;
			proxyType = 1;
			remoteGlobalIDString = F061303823F4C54100DD39B3;
			remoteInfo = SOTopTwentyKit;
		};
		F061306523F5AAC700DD39B3 /* PBXContainerItemProxy */ = {
			isa = PBXContainerItemProxy;
			containerPortal = F061300323F4C37100DD39B3 /* Project object */;
			proxyType = 1;
			remoteGlobalIDString = F061305A23F5AAC600DD39B3;
			remoteInfo = SOTopTwenty_iOS;
		};
		F061306723F5AAC700DD39B3 /* PBXContainerItemProxy */ = {
			isa = PBXContainerItemProxy;
			containerPortal = F061300323F4C37100DD39B3 /* Project object */;
			proxyType = 1;
			remoteGlobalIDString = F061300A23F4C37100DD39B3;
			remoteInfo = SOTopTwenty;
		};
		F061306E23F5AAC700DD39B3 /* PBXContainerItemProxy */ = {
			isa = PBXContainerItemProxy;
			containerPortal = F061300323F4C37100DD39B3 /* Project object */;
			proxyType = 1;
			remoteGlobalIDString = F061305A23F5AAC600DD39B3;
			remoteInfo = SOTopTwenty_iOS;
		};
		F061309923F5BE3B00DD39B3 /* PBXContainerItemProxy */ = {
			isa = PBXContainerItemProxy;
			containerPortal = F061300323F4C37100DD39B3 /* Project object */;
			proxyType = 1;
			remoteGlobalIDString = F061308E23F5BE3A00DD39B3;
			remoteInfo = SOTopTwentyUIKit;
		};
		F061309B23F5BE3B00DD39B3 /* PBXContainerItemProxy */ = {
			isa = PBXContainerItemProxy;
			containerPortal = F061300323F4C37100DD39B3 /* Project object */;
			proxyType = 1;
			remoteGlobalIDString = F061300A23F4C37100DD39B3;
			remoteInfo = SOTopTwenty;
		};
/* End PBXContainerItemProxy section */

/* Begin PBXCopyFilesBuildPhase section */
		F061303323F4C51800DD39B3 /* Embed Frameworks */ = {
			isa = PBXCopyFilesBuildPhase;
			buildActionMask = 2147483647;
			dstPath = "";
			dstSubfolderSpec = 10;
			files = (
				F0324F2323F84F0900AFA2CB /* SOTopTwentyUIKit.framework in Embed Frameworks */,
				F061304F23F4C54200DD39B3 /* SOTopTwentyKit.framework in Embed Frameworks */,
				F061307123F5AAC700DD39B3 /* SOTopTwenty_iOS.framework in Embed Frameworks */,
			);
			name = "Embed Frameworks";
			runOnlyForDeploymentPostprocessing = 0;
		};
/* End PBXCopyFilesBuildPhase section */

/* Begin PBXFileReference section */
		F0324F0423F82EA700AFA2CB /* Data+JSONFile.swift */ = {isa = PBXFileReference; lastKnownFileType = sourcecode.swift; path = "Data+JSONFile.swift"; sourceTree = "<group>"; };
		F0324F0623F82F3A00AFA2CB /* StackOverflowClientTests.swift */ = {isa = PBXFileReference; lastKnownFileType = sourcecode.swift; path = StackOverflowClientTests.swift; sourceTree = "<group>"; };
		F0324F0923F8305100AFA2CB /* StackOverflowClient.swift */ = {isa = PBXFileReference; lastKnownFileType = sourcecode.swift; path = StackOverflowClient.swift; sourceTree = "<group>"; };
		F0324F0C23F8328600AFA2CB /* Users.swift */ = {isa = PBXFileReference; lastKnownFileType = sourcecode.swift; path = Users.swift; sourceTree = "<group>"; };
		F0324F0F23F8336400AFA2CB /* UserTests.swift */ = {isa = PBXFileReference; lastKnownFileType = sourcecode.swift; path = UserTests.swift; sourceTree = "<group>"; };
		F0324F1223F8358D00AFA2CB /* DecodableTestCase.swift */ = {isa = PBXFileReference; lastKnownFileType = sourcecode.swift; path = DecodableTestCase.swift; sourceTree = "<group>"; };
		F0324F1623F83D5000AFA2CB /* User.json */ = {isa = PBXFileReference; lastKnownFileType = text.json; path = User.json; sourceTree = "<group>"; };
		F0324F1923F83FAE00AFA2CB /* XCTAssertEqualToAny.swift */ = {isa = PBXFileReference; lastKnownFileType = sourcecode.swift; path = XCTAssertEqualToAny.swift; sourceTree = "<group>"; };
		F0324F1B23F8453100AFA2CB /* ItemsTests.swift */ = {isa = PBXFileReference; lastKnownFileType = sourcecode.swift; path = ItemsTests.swift; sourceTree = "<group>"; };
		F0324F1D23F8459D00AFA2CB /* Items.swift */ = {isa = PBXFileReference; lastKnownFileType = sourcecode.swift; path = Items.swift; sourceTree = "<group>"; };
		F0324F1F23F84B7600AFA2CB /* Items.json */ = {isa = PBXFileReference; lastKnownFileType = text.json; path = Items.json; sourceTree = "<group>"; };
		F0324F2623F8632F00AFA2CB /* GetUsersMissingValuesResponse.json */ = {isa = PBXFileReference; lastKnownFileType = text.json; path = GetUsersMissingValuesResponse.json; sourceTree = "<group>"; };
		F0324F2C23F881D900AFA2CB /* MainViewControllerTest.swift */ = {isa = PBXFileReference; lastKnownFileType = sourcecode.swift; path = MainViewControllerTest.swift; sourceTree = "<group>"; };
		F0324F2F23F8961D00AFA2CB /* MainViewModel.swift */ = {isa = PBXFileReference; lastKnownFileType = sourcecode.swift; path = MainViewModel.swift; sourceTree = "<group>"; };
		F0324F3223F8964E00AFA2CB /* MainViewModelTests.swift */ = {isa = PBXFileReference; lastKnownFileType = sourcecode.swift; path = MainViewModelTests.swift; sourceTree = "<group>"; };
		F0324F3423F8AD1300AFA2CB /* Dynamic.swift */ = {isa = PBXFileReference; lastKnownFileType = sourcecode.swift; path = Dynamic.swift; sourceTree = "<group>"; };
		F0324F3623F8C96300AFA2CB /* CellViewModel.swift */ = {isa = PBXFileReference; lastKnownFileType = sourcecode.swift; path = CellViewModel.swift; sourceTree = "<group>"; };
		F0324F3823F8C98000AFA2CB /* CellViewModelTests.swift */ = {isa = PBXFileReference; lastKnownFileType = sourcecode.swift; path = CellViewModelTests.swift; sourceTree = "<group>"; };
		F0324F3B23F8EE7200AFA2CB /* UserTableViewCell.swift */ = {isa = PBXFileReference; lastKnownFileType = sourcecode.swift; path = UserTableViewCell.swift; sourceTree = "<group>"; };
		F0324F3C23F8EE7200AFA2CB /* UserTableViewCell.xib */ = {isa = PBXFileReference; lastKnownFileType = file.xib; path = UserTableViewCell.xib; sourceTree = "<group>"; };
		F0324F3F23F95AA000AFA2CB /* Media.xcassets */ = {isa = PBXFileReference; lastKnownFileType = folder.assetcatalog; path = Media.xcassets; sourceTree = "<group>"; };
		F061300B23F4C37100DD39B3 /* SOTopTwenty.app */ = {isa = PBXFileReference; explicitFileType = wrapper.application; includeInIndex = 0; path = SOTopTwenty.app; sourceTree = BUILT_PRODUCTS_DIR; };
		F061300E23F4C37100DD39B3 /* AppDelegate.swift */ = {isa = PBXFileReference; lastKnownFileType = sourcecode.swift; path = AppDelegate.swift; sourceTree = "<group>"; };
		F061301023F4C37100DD39B3 /* SceneDelegate.swift */ = {isa = PBXFileReference; lastKnownFileType = sourcecode.swift; path = SceneDelegate.swift; sourceTree = "<group>"; };
		F061301723F4C37700DD39B3 /* Assets.xcassets */ = {isa = PBXFileReference; lastKnownFileType = folder.assetcatalog; path = Assets.xcassets; sourceTree = "<group>"; };
		F061301A23F4C37700DD39B3 /* Base */ = {isa = PBXFileReference; lastKnownFileType = file.storyboard; name = Base; path = Base.lproj/LaunchScreen.storyboard; sourceTree = "<group>"; };
		F061301C23F4C37700DD39B3 /* Info.plist */ = {isa = PBXFileReference; lastKnownFileType = text.plist.xml; path = Info.plist; sourceTree = "<group>"; };
		F061303923F4C54100DD39B3 /* SOTopTwentyKit.framework */ = {isa = PBXFileReference; explicitFileType = wrapper.framework; includeInIndex = 0; path = SOTopTwentyKit.framework; sourceTree = BUILT_PRODUCTS_DIR; };
		F061303B23F4C54100DD39B3 /* SOTopTwentyKit.h */ = {isa = PBXFileReference; lastKnownFileType = sourcecode.c.h; path = SOTopTwentyKit.h; sourceTree = "<group>"; };
		F061303C23F4C54100DD39B3 /* Info.plist */ = {isa = PBXFileReference; lastKnownFileType = text.plist.xml; path = Info.plist; sourceTree = "<group>"; };
		F061304123F4C54200DD39B3 /* SOTopTwentyKitTests.xctest */ = {isa = PBXFileReference; explicitFileType = wrapper.cfbundle; includeInIndex = 0; path = SOTopTwentyKitTests.xctest; sourceTree = BUILT_PRODUCTS_DIR; };
		F061304823F4C54200DD39B3 /* SOTopTwentyKitTests.swift */ = {isa = PBXFileReference; lastKnownFileType = sourcecode.swift; path = SOTopTwentyKitTests.swift; sourceTree = "<group>"; };
		F061304A23F4C54200DD39B3 /* Info.plist */ = {isa = PBXFileReference; lastKnownFileType = text.plist.xml; path = Info.plist; sourceTree = "<group>"; };
		F061305B23F5AAC600DD39B3 /* SOTopTwenty_iOS.framework */ = {isa = PBXFileReference; explicitFileType = wrapper.framework; includeInIndex = 0; path = SOTopTwenty_iOS.framework; sourceTree = BUILT_PRODUCTS_DIR; };
		F061305D23F5AAC600DD39B3 /* SOTopTwenty_iOS.h */ = {isa = PBXFileReference; lastKnownFileType = sourcecode.c.h; path = SOTopTwenty_iOS.h; sourceTree = "<group>"; };
		F061305E23F5AAC600DD39B3 /* Info.plist */ = {isa = PBXFileReference; lastKnownFileType = text.plist.xml; path = Info.plist; sourceTree = "<group>"; };
		F061306323F5AAC700DD39B3 /* SOTopTwenty_iOSTests.xctest */ = {isa = PBXFileReference; explicitFileType = wrapper.cfbundle; includeInIndex = 0; path = SOTopTwenty_iOSTests.xctest; sourceTree = BUILT_PRODUCTS_DIR; };
		F061306A23F5AAC700DD39B3 /* SOTopTwenty_iOSTests.swift */ = {isa = PBXFileReference; lastKnownFileType = sourcecode.swift; path = SOTopTwenty_iOSTests.swift; sourceTree = "<group>"; };
		F061306C23F5AAC700DD39B3 /* Info.plist */ = {isa = PBXFileReference; lastKnownFileType = text.plist.xml; path = Info.plist; sourceTree = "<group>"; };
		F061308F23F5BE3A00DD39B3 /* SOTopTwentyUIKit.framework */ = {isa = PBXFileReference; explicitFileType = wrapper.framework; includeInIndex = 0; path = SOTopTwentyUIKit.framework; sourceTree = BUILT_PRODUCTS_DIR; };
		F061309123F5BE3A00DD39B3 /* SOTopTwentyUIKit.h */ = {isa = PBXFileReference; lastKnownFileType = sourcecode.c.h; path = SOTopTwentyUIKit.h; sourceTree = "<group>"; };
		F061309223F5BE3A00DD39B3 /* Info.plist */ = {isa = PBXFileReference; lastKnownFileType = text.plist.xml; path = Info.plist; sourceTree = "<group>"; };
		F061309723F5BE3B00DD39B3 /* SOTopTwentyUIKitTests.xctest */ = {isa = PBXFileReference; explicitFileType = wrapper.cfbundle; includeInIndex = 0; path = SOTopTwentyUIKitTests.xctest; sourceTree = BUILT_PRODUCTS_DIR; };
		F061309E23F5BE3B00DD39B3 /* SOTopTwentyUIKitTests.swift */ = {isa = PBXFileReference; lastKnownFileType = sourcecode.swift; path = SOTopTwentyUIKitTests.swift; sourceTree = "<group>"; };
		F06130A023F5BE3B00DD39B3 /* Info.plist */ = {isa = PBXFileReference; lastKnownFileType = text.plist.xml; path = Info.plist; sourceTree = "<group>"; };
		F06130AC23F5C24600DD39B3 /* MainViewController.swift */ = {isa = PBXFileReference; lastKnownFileType = sourcecode.swift; path = MainViewController.swift; sourceTree = "<group>"; };
		F06130AE23F5C28300DD39B3 /* SOTopTwentyAppDependencyContainer.swift */ = {isa = PBXFileReference; lastKnownFileType = sourcecode.swift; path = SOTopTwentyAppDependencyContainer.swift; sourceTree = "<group>"; };
		F06130B223F5CD1700DD39B3 /* NiblessView.swift */ = {isa = PBXFileReference; lastKnownFileType = sourcecode.swift; path = NiblessView.swift; sourceTree = "<group>"; };
		F06130B423F5CE7400DD39B3 /* NiblessViewController.swift */ = {isa = PBXFileReference; lastKnownFileType = sourcecode.swift; path = NiblessViewController.swift; sourceTree = "<group>"; };
		F06130B623F5CEB500DD39B3 /* NiblessNavigationController.swift */ = {isa = PBXFileReference; lastKnownFileType = sourcecode.swift; path = NiblessNavigationController.swift; sourceTree = "<group>"; };
/* End PBXFileReference section */

/* Begin PBXFrameworksBuildPhase section */
		F061300823F4C37100DD39B3 /* Frameworks */ = {
			isa = PBXFrameworksBuildPhase;
			buildActionMask = 2147483647;
			files = (
				F0324F2223F84F0900AFA2CB /* SOTopTwentyUIKit.framework in Frameworks */,
				F061304E23F4C54200DD39B3 /* SOTopTwentyKit.framework in Frameworks */,
				F061307023F5AAC700DD39B3 /* SOTopTwenty_iOS.framework in Frameworks */,
			);
			runOnlyForDeploymentPostprocessing = 0;
		};
		F061303623F4C54100DD39B3 /* Frameworks */ = {
			isa = PBXFrameworksBuildPhase;
			buildActionMask = 2147483647;
			files = (
			);
			runOnlyForDeploymentPostprocessing = 0;
		};
		F061303E23F4C54200DD39B3 /* Frameworks */ = {
			isa = PBXFrameworksBuildPhase;
			buildActionMask = 2147483647;
			files = (
				F061304223F4C54200DD39B3 /* SOTopTwentyKit.framework in Frameworks */,
			);
			runOnlyForDeploymentPostprocessing = 0;
		};
		F061305823F5AAC600DD39B3 /* Frameworks */ = {
			isa = PBXFrameworksBuildPhase;
			buildActionMask = 2147483647;
			files = (
			);
			runOnlyForDeploymentPostprocessing = 0;
		};
		F061306023F5AAC700DD39B3 /* Frameworks */ = {
			isa = PBXFrameworksBuildPhase;
			buildActionMask = 2147483647;
			files = (
				F061306423F5AAC700DD39B3 /* SOTopTwenty_iOS.framework in Frameworks */,
			);
			runOnlyForDeploymentPostprocessing = 0;
		};
		F061308C23F5BE3A00DD39B3 /* Frameworks */ = {
			isa = PBXFrameworksBuildPhase;
			buildActionMask = 2147483647;
			files = (
			);
			runOnlyForDeploymentPostprocessing = 0;
		};
		F061309423F5BE3B00DD39B3 /* Frameworks */ = {
			isa = PBXFrameworksBuildPhase;
			buildActionMask = 2147483647;
			files = (
				F061309823F5BE3B00DD39B3 /* SOTopTwentyUIKit.framework in Frameworks */,
			);
			runOnlyForDeploymentPostprocessing = 0;
		};
/* End PBXFrameworksBuildPhase section */

/* Begin PBXGroup section */
		F0324F0223F82E2900AFA2CB /* Networking */ = {
			isa = PBXGroup;
			children = (
				F0324F0623F82F3A00AFA2CB /* StackOverflowClientTests.swift */,
			);
			path = Networking;
			sourceTree = "<group>";
		};
		F0324F0323F82E7800AFA2CB /* Extensions */ = {
			isa = PBXGroup;
			children = (
				F0324F0423F82EA700AFA2CB /* Data+JSONFile.swift */,
			);
			path = Extensions;
			sourceTree = "<group>";
		};
		F0324F0823F8303600AFA2CB /* Networking */ = {
			isa = PBXGroup;
			children = (
				F0324F0923F8305100AFA2CB /* StackOverflowClient.swift */,
			);
			path = Networking;
			sourceTree = "<group>";
		};
		F0324F0B23F8325F00AFA2CB /* Models */ = {
			isa = PBXGroup;
			children = (
				F0324F0C23F8328600AFA2CB /* Users.swift */,
				F0324F1D23F8459D00AFA2CB /* Items.swift */,
			);
			path = Models;
			sourceTree = "<group>";
		};
		F0324F0E23F8334100AFA2CB /* Models */ = {
			isa = PBXGroup;
			children = (
				F0324F0F23F8336400AFA2CB /* UserTests.swift */,
				F0324F1B23F8453100AFA2CB /* ItemsTests.swift */,
			);
			path = Models;
			sourceTree = "<group>";
		};
		F0324F1123F8355F00AFA2CB /* Utilities */ = {
			isa = PBXGroup;
			children = (
				F0324F1223F8358D00AFA2CB /* DecodableTestCase.swift */,
			);
			path = Utilities;
			sourceTree = "<group>";
		};
		F0324F1523F83CF200AFA2CB /* Data */ = {
			isa = PBXGroup;
			children = (
				F0324F1623F83D5000AFA2CB /* User.json */,
				F0324F1F23F84B7600AFA2CB /* Items.json */,
				F0324F2623F8632F00AFA2CB /* GetUsersMissingValuesResponse.json */,
			);
			path = Data;
			sourceTree = "<group>";
		};
		F0324F1823F83F7E00AFA2CB /* XCTest Additions */ = {
			isa = PBXGroup;
			children = (
				F0324F1923F83FAE00AFA2CB /* XCTAssertEqualToAny.swift */,
			);
			path = "XCTest Additions";
			sourceTree = "<group>";
		};
		F0324F2123F84F0900AFA2CB /* Frameworks */ = {
			isa = PBXGroup;
			children = (
			);
			name = Frameworks;
			sourceTree = "<group>";
		};
		F0324F2B23F881BD00AFA2CB /* Controllers */ = {
			isa = PBXGroup;
			children = (
				F0324F2C23F881D900AFA2CB /* MainViewControllerTest.swift */,
			);
			path = Controllers;
			sourceTree = "<group>";
		};
		F0324F2E23F895EE00AFA2CB /* ViewModels */ = {
			isa = PBXGroup;
			children = (
				F0324F2F23F8961D00AFA2CB /* MainViewModel.swift */,
				F0324F3423F8AD1300AFA2CB /* Dynamic.swift */,
				F0324F3623F8C96300AFA2CB /* CellViewModel.swift */,
			);
			path = ViewModels;
			sourceTree = "<group>";
		};
		F0324F3123F8962D00AFA2CB /* View Models */ = {
			isa = PBXGroup;
			children = (
				F0324F3223F8964E00AFA2CB /* MainViewModelTests.swift */,
				F0324F3823F8C98000AFA2CB /* CellViewModelTests.swift */,
			);
			path = "View Models";
			sourceTree = "<group>";
		};
		F0324F3A23F8EE3800AFA2CB /* Cells */ = {
			isa = PBXGroup;
			children = (
				F0324F3B23F8EE7200AFA2CB /* UserTableViewCell.swift */,
				F0324F3C23F8EE7200AFA2CB /* UserTableViewCell.xib */,
			);
			path = Cells;
			sourceTree = "<group>";
		};
		F061300223F4C37100DD39B3 = {
			isa = PBXGroup;
			children = (
				F061300D23F4C37100DD39B3 /* SOTopTwenty */,
				F061305C23F5AAC600DD39B3 /* SOTopTwenty_iOS */,
				F061306923F5AAC700DD39B3 /* SOTopTwenty_iOSTests */,
				F061303A23F4C54100DD39B3 /* SOTopTwentyKit */,
				F061304723F4C54200DD39B3 /* SOTopTwentyKitTests */,
				F061309023F5BE3A00DD39B3 /* SOTopTwentyUIKit */,
				F061309D23F5BE3B00DD39B3 /* SOTopTwentyUIKitTests */,
				F061300C23F4C37100DD39B3 /* Products */,
				F0324F2123F84F0900AFA2CB /* Frameworks */,
			);
			sourceTree = "<group>";
		};
		F061300C23F4C37100DD39B3 /* Products */ = {
			isa = PBXGroup;
			children = (
				F061300B23F4C37100DD39B3 /* SOTopTwenty.app */,
				F061303923F4C54100DD39B3 /* SOTopTwentyKit.framework */,
				F061304123F4C54200DD39B3 /* SOTopTwentyKitTests.xctest */,
				F061305B23F5AAC600DD39B3 /* SOTopTwenty_iOS.framework */,
				F061306323F5AAC700DD39B3 /* SOTopTwenty_iOSTests.xctest */,
				F061308F23F5BE3A00DD39B3 /* SOTopTwentyUIKit.framework */,
				F061309723F5BE3B00DD39B3 /* SOTopTwentyUIKitTests.xctest */,
			);
			name = Products;
			sourceTree = "<group>";
		};
		F061300D23F4C37100DD39B3 /* SOTopTwenty */ = {
			isa = PBXGroup;
			children = (
				F061300E23F4C37100DD39B3 /* AppDelegate.swift */,
				F061301023F4C37100DD39B3 /* SceneDelegate.swift */,
				F061301723F4C37700DD39B3 /* Assets.xcassets */,
				F061301923F4C37700DD39B3 /* LaunchScreen.storyboard */,
				F061301C23F4C37700DD39B3 /* Info.plist */,
			);
			path = SOTopTwenty;
			sourceTree = "<group>";
		};
		F061303A23F4C54100DD39B3 /* SOTopTwentyKit */ = {
			isa = PBXGroup;
			children = (
				F061303B23F4C54100DD39B3 /* SOTopTwentyKit.h */,
				F061303C23F4C54100DD39B3 /* Info.plist */,
				F0324F0823F8303600AFA2CB /* Networking */,
				F0324F0B23F8325F00AFA2CB /* Models */,
				F0324F2E23F895EE00AFA2CB /* ViewModels */,
			);
			path = SOTopTwentyKit;
			sourceTree = "<group>";
		};
		F061304723F4C54200DD39B3 /* SOTopTwentyKitTests */ = {
			isa = PBXGroup;
			children = (
				F061304823F4C54200DD39B3 /* SOTopTwentyKitTests.swift */,
				F061304A23F4C54200DD39B3 /* Info.plist */,
				F0324F0223F82E2900AFA2CB /* Networking */,
				F0324F0E23F8334100AFA2CB /* Models */,
				F0324F3123F8962D00AFA2CB /* View Models */,
				F0324F1123F8355F00AFA2CB /* Utilities */,
				F0324F0323F82E7800AFA2CB /* Extensions */,
				F0324F1523F83CF200AFA2CB /* Data */,
				F0324F1823F83F7E00AFA2CB /* XCTest Additions */,
			);
			path = SOTopTwentyKitTests;
			sourceTree = "<group>";
		};
		F061305C23F5AAC600DD39B3 /* SOTopTwenty_iOS */ = {
			isa = PBXGroup;
			children = (
				F061305D23F5AAC600DD39B3 /* SOTopTwenty_iOS.h */,
				F061305E23F5AAC600DD39B3 /* Info.plist */,
				F0324F3F23F95AA000AFA2CB /* Media.xcassets */,
				F061307823F5BB6B00DD39B3 /* iOS App */,
				F0324F3A23F8EE3800AFA2CB /* Cells */,
			);
			path = SOTopTwenty_iOS;
			sourceTree = "<group>";
		};
		F061306923F5AAC700DD39B3 /* SOTopTwenty_iOSTests */ = {
			isa = PBXGroup;
			children = (
				F061306A23F5AAC700DD39B3 /* SOTopTwenty_iOSTests.swift */,
				F061306C23F5AAC700DD39B3 /* Info.plist */,
				F0324F2B23F881BD00AFA2CB /* Controllers */,
			);
			path = SOTopTwenty_iOSTests;
			sourceTree = "<group>";
		};
		F061307823F5BB6B00DD39B3 /* iOS App */ = {
			isa = PBXGroup;
			children = (
				F06130AE23F5C28300DD39B3 /* SOTopTwentyAppDependencyContainer.swift */,
				F06130AC23F5C24600DD39B3 /* MainViewController.swift */,
			);
			path = "iOS App";
			sourceTree = "<group>";
		};
		F061309023F5BE3A00DD39B3 /* SOTopTwentyUIKit */ = {
			isa = PBXGroup;
			children = (
				F061309123F5BE3A00DD39B3 /* SOTopTwentyUIKit.h */,
				F061309223F5BE3A00DD39B3 /* Info.plist */,
				F06130B123F5CCE600DD39B3 /* NiblessComponents */,
			);
			path = SOTopTwentyUIKit;
			sourceTree = "<group>";
		};
		F061309D23F5BE3B00DD39B3 /* SOTopTwentyUIKitTests */ = {
			isa = PBXGroup;
			children = (
				F061309E23F5BE3B00DD39B3 /* SOTopTwentyUIKitTests.swift */,
				F06130A023F5BE3B00DD39B3 /* Info.plist */,
			);
			path = SOTopTwentyUIKitTests;
			sourceTree = "<group>";
		};
		F06130B123F5CCE600DD39B3 /* NiblessComponents */ = {
			isa = PBXGroup;
			children = (
				F06130B223F5CD1700DD39B3 /* NiblessView.swift */,
				F06130B423F5CE7400DD39B3 /* NiblessViewController.swift */,
				F06130B623F5CEB500DD39B3 /* NiblessNavigationController.swift */,
			);
			path = NiblessComponents;
			sourceTree = "<group>";
		};
/* End PBXGroup section */

/* Begin PBXHeadersBuildPhase section */
		F061303423F4C54100DD39B3 /* Headers */ = {
			isa = PBXHeadersBuildPhase;
			buildActionMask = 2147483647;
			files = (
				F061304B23F4C54200DD39B3 /* SOTopTwentyKit.h in Headers */,
			);
			runOnlyForDeploymentPostprocessing = 0;
		};
		F061305623F5AAC600DD39B3 /* Headers */ = {
			isa = PBXHeadersBuildPhase;
			buildActionMask = 2147483647;
			files = (
				F061306D23F5AAC700DD39B3 /* SOTopTwenty_iOS.h in Headers */,
			);
			runOnlyForDeploymentPostprocessing = 0;
		};
		F061308A23F5BE3A00DD39B3 /* Headers */ = {
			isa = PBXHeadersBuildPhase;
			buildActionMask = 2147483647;
			files = (
				F06130A123F5BE3B00DD39B3 /* SOTopTwentyUIKit.h in Headers */,
			);
			runOnlyForDeploymentPostprocessing = 0;
		};
/* End PBXHeadersBuildPhase section */

/* Begin PBXNativeTarget section */
		F061300A23F4C37100DD39B3 /* SOTopTwenty */ = {
			isa = PBXNativeTarget;
			buildConfigurationList = F061301F23F4C37700DD39B3 /* Build configuration list for PBXNativeTarget "SOTopTwenty" */;
			buildPhases = (
				F061300723F4C37100DD39B3 /* Sources */,
				F061300823F4C37100DD39B3 /* Frameworks */,
				F061300923F4C37100DD39B3 /* Resources */,
				F061303323F4C51800DD39B3 /* Embed Frameworks */,
			);
			buildRules = (
			);
			dependencies = (
				F061304D23F4C54200DD39B3 /* PBXTargetDependency */,
				F061306F23F5AAC700DD39B3 /* PBXTargetDependency */,
				F0324F2523F84F0900AFA2CB /* PBXTargetDependency */,
			);
			name = SOTopTwenty;
			productName = SOTopTwenty;
			productReference = F061300B23F4C37100DD39B3 /* SOTopTwenty.app */;
			productType = "com.apple.product-type.application";
		};
		F061303823F4C54100DD39B3 /* SOTopTwentyKit */ = {
			isa = PBXNativeTarget;
			buildConfigurationList = F061305023F4C54200DD39B3 /* Build configuration list for PBXNativeTarget "SOTopTwentyKit" */;
			buildPhases = (
				F061303423F4C54100DD39B3 /* Headers */,
				F061303523F4C54100DD39B3 /* Sources */,
				F061303623F4C54100DD39B3 /* Frameworks */,
				F061303723F4C54100DD39B3 /* Resources */,
			);
			buildRules = (
			);
			dependencies = (
			);
			name = SOTopTwentyKit;
			productName = SOTopTwentyKit;
			productReference = F061303923F4C54100DD39B3 /* SOTopTwentyKit.framework */;
			productType = "com.apple.product-type.framework";
		};
		F061304023F4C54200DD39B3 /* SOTopTwentyKitTests */ = {
			isa = PBXNativeTarget;
			buildConfigurationList = F061305323F4C54200DD39B3 /* Build configuration list for PBXNativeTarget "SOTopTwentyKitTests" */;
			buildPhases = (
				F061303D23F4C54200DD39B3 /* Sources */,
				F061303E23F4C54200DD39B3 /* Frameworks */,
				F061303F23F4C54200DD39B3 /* Resources */,
			);
			buildRules = (
			);
			dependencies = (
				F061304423F4C54200DD39B3 /* PBXTargetDependency */,
				F061304623F4C54200DD39B3 /* PBXTargetDependency */,
			);
			name = SOTopTwentyKitTests;
			productName = SOTopTwentyKitTests;
			productReference = F061304123F4C54200DD39B3 /* SOTopTwentyKitTests.xctest */;
			productType = "com.apple.product-type.bundle.unit-test";
		};
		F061305A23F5AAC600DD39B3 /* SOTopTwenty_iOS */ = {
			isa = PBXNativeTarget;
			buildConfigurationList = F061307223F5AAC700DD39B3 /* Build configuration list for PBXNativeTarget "SOTopTwenty_iOS" */;
			buildPhases = (
				F061305623F5AAC600DD39B3 /* Headers */,
				F061305723F5AAC600DD39B3 /* Sources */,
				F061305823F5AAC600DD39B3 /* Frameworks */,
				F061305923F5AAC600DD39B3 /* Resources */,
			);
			buildRules = (
			);
			dependencies = (
			);
			name = SOTopTwenty_iOS;
			productName = SOTopTwenty_iOS;
			productReference = F061305B23F5AAC600DD39B3 /* SOTopTwenty_iOS.framework */;
			productType = "com.apple.product-type.framework";
		};
		F061306223F5AAC700DD39B3 /* SOTopTwenty_iOSTests */ = {
			isa = PBXNativeTarget;
			buildConfigurationList = F061307523F5AAC700DD39B3 /* Build configuration list for PBXNativeTarget "SOTopTwenty_iOSTests" */;
			buildPhases = (
				F061305F23F5AAC700DD39B3 /* Sources */,
				F061306023F5AAC700DD39B3 /* Frameworks */,
				F061306123F5AAC700DD39B3 /* Resources */,
			);
			buildRules = (
			);
			dependencies = (
				F061306623F5AAC700DD39B3 /* PBXTargetDependency */,
				F061306823F5AAC700DD39B3 /* PBXTargetDependency */,
			);
			name = SOTopTwenty_iOSTests;
			productName = SOTopTwenty_iOSTests;
			productReference = F061306323F5AAC700DD39B3 /* SOTopTwenty_iOSTests.xctest */;
			productType = "com.apple.product-type.bundle.unit-test";
		};
		F061308E23F5BE3A00DD39B3 /* SOTopTwentyUIKit */ = {
			isa = PBXNativeTarget;
			buildConfigurationList = F06130A623F5BE3B00DD39B3 /* Build configuration list for PBXNativeTarget "SOTopTwentyUIKit" */;
			buildPhases = (
				F061308A23F5BE3A00DD39B3 /* Headers */,
				F061308B23F5BE3A00DD39B3 /* Sources */,
				F061308C23F5BE3A00DD39B3 /* Frameworks */,
				F061308D23F5BE3A00DD39B3 /* Resources */,
			);
			buildRules = (
			);
			dependencies = (
			);
			name = SOTopTwentyUIKit;
			productName = SOTopTwentyUIKit;
			productReference = F061308F23F5BE3A00DD39B3 /* SOTopTwentyUIKit.framework */;
			productType = "com.apple.product-type.framework";
		};
		F061309623F5BE3B00DD39B3 /* SOTopTwentyUIKitTests */ = {
			isa = PBXNativeTarget;
			buildConfigurationList = F06130A923F5BE3B00DD39B3 /* Build configuration list for PBXNativeTarget "SOTopTwentyUIKitTests" */;
			buildPhases = (
				F061309323F5BE3B00DD39B3 /* Sources */,
				F061309423F5BE3B00DD39B3 /* Frameworks */,
				F061309523F5BE3B00DD39B3 /* Resources */,
			);
			buildRules = (
			);
			dependencies = (
				F061309A23F5BE3B00DD39B3 /* PBXTargetDependency */,
				F061309C23F5BE3B00DD39B3 /* PBXTargetDependency */,
			);
			name = SOTopTwentyUIKitTests;
			productName = SOTopTwentyUIKitTests;
			productReference = F061309723F5BE3B00DD39B3 /* SOTopTwentyUIKitTests.xctest */;
			productType = "com.apple.product-type.bundle.unit-test";
		};
/* End PBXNativeTarget section */

/* Begin PBXProject section */
		F061300323F4C37100DD39B3 /* Project object */ = {
			isa = PBXProject;
			attributes = {
				LastSwiftUpdateCheck = 1130;
				LastUpgradeCheck = 1130;
				ORGANIZATIONNAME = IronworksMediaLimited;
				TargetAttributes = {
					F061300A23F4C37100DD39B3 = {
						CreatedOnToolsVersion = 11.3.1;
					};
					F061303823F4C54100DD39B3 = {
						CreatedOnToolsVersion = 11.3.1;
						LastSwiftMigration = 1130;
					};
					F061304023F4C54200DD39B3 = {
						CreatedOnToolsVersion = 11.3.1;
						TestTargetID = F061300A23F4C37100DD39B3;
					};
					F061305A23F5AAC600DD39B3 = {
						CreatedOnToolsVersion = 11.3.1;
						LastSwiftMigration = 1130;
					};
					F061306223F5AAC700DD39B3 = {
						CreatedOnToolsVersion = 11.3.1;
						TestTargetID = F061300A23F4C37100DD39B3;
					};
					F061308E23F5BE3A00DD39B3 = {
						CreatedOnToolsVersion = 11.3.1;
						LastSwiftMigration = 1130;
					};
					F061309623F5BE3B00DD39B3 = {
						CreatedOnToolsVersion = 11.3.1;
						TestTargetID = F061300A23F4C37100DD39B3;
					};
				};
			};
			buildConfigurationList = F061300623F4C37100DD39B3 /* Build configuration list for PBXProject "SOTopTwenty" */;
			compatibilityVersion = "Xcode 9.3";
			developmentRegion = en;
			hasScannedForEncodings = 0;
			knownRegions = (
				en,
				Base,
			);
			mainGroup = F061300223F4C37100DD39B3;
			productRefGroup = F061300C23F4C37100DD39B3 /* Products */;
			projectDirPath = "";
			projectRoot = "";
			targets = (
				F061300A23F4C37100DD39B3 /* SOTopTwenty */,
				F061303823F4C54100DD39B3 /* SOTopTwentyKit */,
				F061304023F4C54200DD39B3 /* SOTopTwentyKitTests */,
				F061305A23F5AAC600DD39B3 /* SOTopTwenty_iOS */,
				F061306223F5AAC700DD39B3 /* SOTopTwenty_iOSTests */,
				F061308E23F5BE3A00DD39B3 /* SOTopTwentyUIKit */,
				F061309623F5BE3B00DD39B3 /* SOTopTwentyUIKitTests */,
			);
		};
/* End PBXProject section */

/* Begin PBXResourcesBuildPhase section */
		F061300923F4C37100DD39B3 /* Resources */ = {
			isa = PBXResourcesBuildPhase;
			buildActionMask = 2147483647;
			files = (
				F061301B23F4C37700DD39B3 /* LaunchScreen.storyboard in Resources */,
				F061301823F4C37700DD39B3 /* Assets.xcassets in Resources */,
			);
			runOnlyForDeploymentPostprocessing = 0;
		};
		F061303723F4C54100DD39B3 /* Resources */ = {
			isa = PBXResourcesBuildPhase;
			buildActionMask = 2147483647;
			files = (
			);
			runOnlyForDeploymentPostprocessing = 0;
		};
		F061303F23F4C54200DD39B3 /* Resources */ = {
			isa = PBXResourcesBuildPhase;
			buildActionMask = 2147483647;
			files = (
				F0324F2023F84B7600AFA2CB /* Items.json in Resources */,
				F0324F1723F83D5000AFA2CB /* User.json in Resources */,
				F0324F2723F8632F00AFA2CB /* GetUsersMissingValuesResponse.json in Resources */,
			);
			runOnlyForDeploymentPostprocessing = 0;
		};
		F061305923F5AAC600DD39B3 /* Resources */ = {
			isa = PBXResourcesBuildPhase;
			buildActionMask = 2147483647;
			files = (
				F0324F4023F95AA000AFA2CB /* Media.xcassets in Resources */,
				F0324F3E23F8EE7200AFA2CB /* UserTableViewCell.xib in Resources */,
			);
			runOnlyForDeploymentPostprocessing = 0;
		};
		F061306123F5AAC700DD39B3 /* Resources */ = {
			isa = PBXResourcesBuildPhase;
			buildActionMask = 2147483647;
			files = (
			);
			runOnlyForDeploymentPostprocessing = 0;
		};
		F061308D23F5BE3A00DD39B3 /* Resources */ = {
			isa = PBXResourcesBuildPhase;
			buildActionMask = 2147483647;
			files = (
			);
			runOnlyForDeploymentPostprocessing = 0;
		};
		F061309523F5BE3B00DD39B3 /* Resources */ = {
			isa = PBXResourcesBuildPhase;
			buildActionMask = 2147483647;
			files = (
			);
			runOnlyForDeploymentPostprocessing = 0;
		};
/* End PBXResourcesBuildPhase section */

/* Begin PBXSourcesBuildPhase section */
		F061300723F4C37100DD39B3 /* Sources */ = {
			isa = PBXSourcesBuildPhase;
			buildActionMask = 2147483647;
			files = (
				F061300F23F4C37100DD39B3 /* AppDelegate.swift in Sources */,
				F061301123F4C37100DD39B3 /* SceneDelegate.swift in Sources */,
			);
			runOnlyForDeploymentPostprocessing = 0;
		};
		F061303523F4C54100DD39B3 /* Sources */ = {
			isa = PBXSourcesBuildPhase;
			buildActionMask = 2147483647;
			files = (
				F0324F0D23F8328600AFA2CB /* Users.swift in Sources */,
				F0324F3523F8AD1300AFA2CB /* Dynamic.swift in Sources */,
				F0324F1E23F8459D00AFA2CB /* Items.swift in Sources */,
				F0324F0A23F8305100AFA2CB /* StackOverflowClient.swift in Sources */,
				F0324F3723F8C96300AFA2CB /* CellViewModel.swift in Sources */,
				F0324F3023F8961D00AFA2CB /* MainViewModel.swift in Sources */,
			);
			runOnlyForDeploymentPostprocessing = 0;
		};
		F061303D23F4C54200DD39B3 /* Sources */ = {
			isa = PBXSourcesBuildPhase;
			buildActionMask = 2147483647;
			files = (
				F0324F1023F8336400AFA2CB /* UserTests.swift in Sources */,
				F0324F1A23F83FAE00AFA2CB /* XCTAssertEqualToAny.swift in Sources */,
				F0324F1C23F8453100AFA2CB /* ItemsTests.swift in Sources */,
				F0324F3923F8C98000AFA2CB /* CellViewModelTests.swift in Sources */,
				F0324F1423F8367200AFA2CB /* DecodableTestCase.swift in Sources */,
				F0324F0723F82F3A00AFA2CB /* StackOverflowClientTests.swift in Sources */,
				F061304923F4C54200DD39B3 /* SOTopTwentyKitTests.swift in Sources */,
				F0324F0523F82EA700AFA2CB /* Data+JSONFile.swift in Sources */,
				F0324F3323F8964E00AFA2CB /* MainViewModelTests.swift in Sources */,
			);
			runOnlyForDeploymentPostprocessing = 0;
		};
		F061305723F5AAC600DD39B3 /* Sources */ = {
			isa = PBXSourcesBuildPhase;
			buildActionMask = 2147483647;
			files = (
				F06130AD23F5C24600DD39B3 /* MainViewController.swift in Sources */,
				F0324F3D23F8EE7200AFA2CB /* UserTableViewCell.swift in Sources */,
				F06130AF23F5C28300DD39B3 /* SOTopTwentyAppDependencyContainer.swift in Sources */,
			);
			runOnlyForDeploymentPostprocessing = 0;
		};
		F061305F23F5AAC700DD39B3 /* Sources */ = {
			isa = PBXSourcesBuildPhase;
			buildActionMask = 2147483647;
			files = (
				F061306B23F5AAC700DD39B3 /* SOTopTwenty_iOSTests.swift in Sources */,
				F0324F2D23F881D900AFA2CB /* MainViewControllerTest.swift in Sources */,
			);
			runOnlyForDeploymentPostprocessing = 0;
		};
		F061308B23F5BE3A00DD39B3 /* Sources */ = {
			isa = PBXSourcesBuildPhase;
			buildActionMask = 2147483647;
			files = (
				F06130B723F5CEB500DD39B3 /* NiblessNavigationController.swift in Sources */,
				F06130B323F5CD1700DD39B3 /* NiblessView.swift in Sources */,
				F06130B523F5CE7400DD39B3 /* NiblessViewController.swift in Sources */,
			);
			runOnlyForDeploymentPostprocessing = 0;
		};
		F061309323F5BE3B00DD39B3 /* Sources */ = {
			isa = PBXSourcesBuildPhase;
			buildActionMask = 2147483647;
			files = (
				F061309F23F5BE3B00DD39B3 /* SOTopTwentyUIKitTests.swift in Sources */,
			);
			runOnlyForDeploymentPostprocessing = 0;
		};
/* End PBXSourcesBuildPhase section */

/* Begin PBXTargetDependency section */
		F0324F2523F84F0900AFA2CB /* PBXTargetDependency */ = {
			isa = PBXTargetDependency;
			target = F061308E23F5BE3A00DD39B3 /* SOTopTwentyUIKit */;
			targetProxy = F0324F2423F84F0900AFA2CB /* PBXContainerItemProxy */;
		};
		F061304423F4C54200DD39B3 /* PBXTargetDependency */ = {
			isa = PBXTargetDependency;
			target = F061303823F4C54100DD39B3 /* SOTopTwentyKit */;
			targetProxy = F061304323F4C54200DD39B3 /* PBXContainerItemProxy */;
		};
		F061304623F4C54200DD39B3 /* PBXTargetDependency */ = {
			isa = PBXTargetDependency;
			target = F061300A23F4C37100DD39B3 /* SOTopTwenty */;
			targetProxy = F061304523F4C54200DD39B3 /* PBXContainerItemProxy */;
		};
		F061304D23F4C54200DD39B3 /* PBXTargetDependency */ = {
			isa = PBXTargetDependency;
			target = F061303823F4C54100DD39B3 /* SOTopTwentyKit */;
			targetProxy = F061304C23F4C54200DD39B3 /* PBXContainerItemProxy */;
		};
		F061306623F5AAC700DD39B3 /* PBXTargetDependency */ = {
			isa = PBXTargetDependency;
			target = F061305A23F5AAC600DD39B3 /* SOTopTwenty_iOS */;
			targetProxy = F061306523F5AAC700DD39B3 /* PBXContainerItemProxy */;
		};
		F061306823F5AAC700DD39B3 /* PBXTargetDependency */ = {
			isa = PBXTargetDependency;
			target = F061300A23F4C37100DD39B3 /* SOTopTwenty */;
			targetProxy = F061306723F5AAC700DD39B3 /* PBXContainerItemProxy */;
		};
		F061306F23F5AAC700DD39B3 /* PBXTargetDependency */ = {
			isa = PBXTargetDependency;
			target = F061305A23F5AAC600DD39B3 /* SOTopTwenty_iOS */;
			targetProxy = F061306E23F5AAC700DD39B3 /* PBXContainerItemProxy */;
		};
		F061309A23F5BE3B00DD39B3 /* PBXTargetDependency */ = {
			isa = PBXTargetDependency;
			target = F061308E23F5BE3A00DD39B3 /* SOTopTwentyUIKit */;
			targetProxy = F061309923F5BE3B00DD39B3 /* PBXContainerItemProxy */;
		};
		F061309C23F5BE3B00DD39B3 /* PBXTargetDependency */ = {
			isa = PBXTargetDependency;
			target = F061300A23F4C37100DD39B3 /* SOTopTwenty */;
			targetProxy = F061309B23F5BE3B00DD39B3 /* PBXContainerItemProxy */;
		};
/* End PBXTargetDependency section */

/* Begin PBXVariantGroup section */
		F061301923F4C37700DD39B3 /* LaunchScreen.storyboard */ = {
			isa = PBXVariantGroup;
			children = (
				F061301A23F4C37700DD39B3 /* Base */,
			);
			name = LaunchScreen.storyboard;
			sourceTree = "<group>";
		};
/* End PBXVariantGroup section */

/* Begin XCBuildConfiguration section */
		F061301D23F4C37700DD39B3 /* Debug */ = {
			isa = XCBuildConfiguration;
			buildSettings = {
				ALWAYS_SEARCH_USER_PATHS = NO;
				CLANG_ANALYZER_NONNULL = YES;
				CLANG_ANALYZER_NUMBER_OBJECT_CONVERSION = YES_AGGRESSIVE;
				CLANG_CXX_LANGUAGE_STANDARD = "gnu++14";
				CLANG_CXX_LIBRARY = "libc++";
				CLANG_ENABLE_MODULES = YES;
				CLANG_ENABLE_OBJC_ARC = YES;
				CLANG_ENABLE_OBJC_WEAK = YES;
				CLANG_WARN_BLOCK_CAPTURE_AUTORELEASING = YES;
				CLANG_WARN_BOOL_CONVERSION = YES;
				CLANG_WARN_COMMA = YES;
				CLANG_WARN_CONSTANT_CONVERSION = YES;
				CLANG_WARN_DEPRECATED_OBJC_IMPLEMENTATIONS = YES;
				CLANG_WARN_DIRECT_OBJC_ISA_USAGE = YES_ERROR;
				CLANG_WARN_DOCUMENTATION_COMMENTS = YES;
				CLANG_WARN_EMPTY_BODY = YES;
				CLANG_WARN_ENUM_CONVERSION = YES;
				CLANG_WARN_INFINITE_RECURSION = YES;
				CLANG_WARN_INT_CONVERSION = YES;
				CLANG_WARN_NON_LITERAL_NULL_CONVERSION = YES;
				CLANG_WARN_OBJC_IMPLICIT_RETAIN_SELF = YES;
				CLANG_WARN_OBJC_LITERAL_CONVERSION = YES;
				CLANG_WARN_OBJC_ROOT_CLASS = YES_ERROR;
				CLANG_WARN_RANGE_LOOP_ANALYSIS = YES;
				CLANG_WARN_STRICT_PROTOTYPES = YES;
				CLANG_WARN_SUSPICIOUS_MOVE = YES;
				CLANG_WARN_UNGUARDED_AVAILABILITY = YES_AGGRESSIVE;
				CLANG_WARN_UNREACHABLE_CODE = YES;
				CLANG_WARN__DUPLICATE_METHOD_MATCH = YES;
				COPY_PHASE_STRIP = NO;
				DEBUG_INFORMATION_FORMAT = dwarf;
				ENABLE_STRICT_OBJC_MSGSEND = YES;
				ENABLE_TESTABILITY = YES;
				GCC_C_LANGUAGE_STANDARD = gnu11;
				GCC_DYNAMIC_NO_PIC = NO;
				GCC_NO_COMMON_BLOCKS = YES;
				GCC_OPTIMIZATION_LEVEL = 0;
				GCC_PREPROCESSOR_DEFINITIONS = (
					"DEBUG=1",
					"$(inherited)",
				);
				GCC_WARN_64_TO_32_BIT_CONVERSION = YES;
				GCC_WARN_ABOUT_RETURN_TYPE = YES_ERROR;
				GCC_WARN_UNDECLARED_SELECTOR = YES;
				GCC_WARN_UNINITIALIZED_AUTOS = YES_AGGRESSIVE;
				GCC_WARN_UNUSED_FUNCTION = YES;
				GCC_WARN_UNUSED_VARIABLE = YES;
				IPHONEOS_DEPLOYMENT_TARGET = 13.2;
				MTL_ENABLE_DEBUG_INFO = INCLUDE_SOURCE;
				MTL_FAST_MATH = YES;
				ONLY_ACTIVE_ARCH = YES;
				SDKROOT = iphoneos;
				SWIFT_ACTIVE_COMPILATION_CONDITIONS = DEBUG;
				SWIFT_OPTIMIZATION_LEVEL = "-Onone";
			};
			name = Debug;
		};
		F061301E23F4C37700DD39B3 /* Release */ = {
			isa = XCBuildConfiguration;
			buildSettings = {
				ALWAYS_SEARCH_USER_PATHS = NO;
				CLANG_ANALYZER_NONNULL = YES;
				CLANG_ANALYZER_NUMBER_OBJECT_CONVERSION = YES_AGGRESSIVE;
				CLANG_CXX_LANGUAGE_STANDARD = "gnu++14";
				CLANG_CXX_LIBRARY = "libc++";
				CLANG_ENABLE_MODULES = YES;
				CLANG_ENABLE_OBJC_ARC = YES;
				CLANG_ENABLE_OBJC_WEAK = YES;
				CLANG_WARN_BLOCK_CAPTURE_AUTORELEASING = YES;
				CLANG_WARN_BOOL_CONVERSION = YES;
				CLANG_WARN_COMMA = YES;
				CLANG_WARN_CONSTANT_CONVERSION = YES;
				CLANG_WARN_DEPRECATED_OBJC_IMPLEMENTATIONS = YES;
				CLANG_WARN_DIRECT_OBJC_ISA_USAGE = YES_ERROR;
				CLANG_WARN_DOCUMENTATION_COMMENTS = YES;
				CLANG_WARN_EMPTY_BODY = YES;
				CLANG_WARN_ENUM_CONVERSION = YES;
				CLANG_WARN_INFINITE_RECURSION = YES;
				CLANG_WARN_INT_CONVERSION = YES;
				CLANG_WARN_NON_LITERAL_NULL_CONVERSION = YES;
				CLANG_WARN_OBJC_IMPLICIT_RETAIN_SELF = YES;
				CLANG_WARN_OBJC_LITERAL_CONVERSION = YES;
				CLANG_WARN_OBJC_ROOT_CLASS = YES_ERROR;
				CLANG_WARN_RANGE_LOOP_ANALYSIS = YES;
				CLANG_WARN_STRICT_PROTOTYPES = YES;
				CLANG_WARN_SUSPICIOUS_MOVE = YES;
				CLANG_WARN_UNGUARDED_AVAILABILITY = YES_AGGRESSIVE;
				CLANG_WARN_UNREACHABLE_CODE = YES;
				CLANG_WARN__DUPLICATE_METHOD_MATCH = YES;
				COPY_PHASE_STRIP = NO;
				DEBUG_INFORMATION_FORMAT = "dwarf-with-dsym";
				ENABLE_NS_ASSERTIONS = NO;
				ENABLE_STRICT_OBJC_MSGSEND = YES;
				GCC_C_LANGUAGE_STANDARD = gnu11;
				GCC_NO_COMMON_BLOCKS = YES;
				GCC_WARN_64_TO_32_BIT_CONVERSION = YES;
				GCC_WARN_ABOUT_RETURN_TYPE = YES_ERROR;
				GCC_WARN_UNDECLARED_SELECTOR = YES;
				GCC_WARN_UNINITIALIZED_AUTOS = YES_AGGRESSIVE;
				GCC_WARN_UNUSED_FUNCTION = YES;
				GCC_WARN_UNUSED_VARIABLE = YES;
				IPHONEOS_DEPLOYMENT_TARGET = 13.2;
				MTL_ENABLE_DEBUG_INFO = NO;
				MTL_FAST_MATH = YES;
				SDKROOT = iphoneos;
				SWIFT_COMPILATION_MODE = wholemodule;
				SWIFT_OPTIMIZATION_LEVEL = "-O";
				VALIDATE_PRODUCT = YES;
			};
			name = Release;
		};
		F061302023F4C37700DD39B3 /* Debug */ = {
			isa = XCBuildConfiguration;
			buildSettings = {
				ALWAYS_EMBED_SWIFT_STANDARD_LIBRARIES = YES;
				ASSETCATALOG_COMPILER_APPICON_NAME = AppIcon;
				CODE_SIGN_STYLE = Automatic;
				DEVELOPMENT_TEAM = X7ERH955JW;
				INFOPLIST_FILE = SOTopTwenty/Info.plist;
				LD_RUNPATH_SEARCH_PATHS = (
					"$(inherited)",
					"@executable_path/Frameworks",
				);
				PRODUCT_BUNDLE_IDENTIFIER = uk.co.ironworksMediaLimited.SOTopTwenty;
				PRODUCT_NAME = "$(TARGET_NAME)";
				SWIFT_VERSION = 5.0;
				TARGETED_DEVICE_FAMILY = "1,2";
			};
			name = Debug;
		};
		F061302123F4C37700DD39B3 /* Release */ = {
			isa = XCBuildConfiguration;
			buildSettings = {
				ALWAYS_EMBED_SWIFT_STANDARD_LIBRARIES = YES;
				ASSETCATALOG_COMPILER_APPICON_NAME = AppIcon;
				CODE_SIGN_STYLE = Automatic;
				DEVELOPMENT_TEAM = X7ERH955JW;
				INFOPLIST_FILE = SOTopTwenty/Info.plist;
				LD_RUNPATH_SEARCH_PATHS = (
					"$(inherited)",
					"@executable_path/Frameworks",
				);
				PRODUCT_BUNDLE_IDENTIFIER = uk.co.ironworksMediaLimited.SOTopTwenty;
				PRODUCT_NAME = "$(TARGET_NAME)";
				SWIFT_VERSION = 5.0;
				TARGETED_DEVICE_FAMILY = "1,2";
			};
			name = Release;
		};
		F061305123F4C54200DD39B3 /* Debug */ = {
			isa = XCBuildConfiguration;
			buildSettings = {
				CLANG_ENABLE_MODULES = YES;
				CODE_SIGN_STYLE = Automatic;
				CURRENT_PROJECT_VERSION = 1;
				DEFINES_MODULE = YES;
				DEVELOPMENT_TEAM = X7ERH955JW;
				DYLIB_COMPATIBILITY_VERSION = 1;
				DYLIB_CURRENT_VERSION = 1;
				DYLIB_INSTALL_NAME_BASE = "@rpath";
				INFOPLIST_FILE = SOTopTwentyKit/Info.plist;
				INSTALL_PATH = "$(LOCAL_LIBRARY_DIR)/Frameworks";
				LD_RUNPATH_SEARCH_PATHS = (
					"$(inherited)",
					"@executable_path/Frameworks",
					"@loader_path/Frameworks",
				);
				PRODUCT_BUNDLE_IDENTIFIER = uk.co.ironworksMediaLimited.SOTopTwentyKit;
				PRODUCT_NAME = "$(TARGET_NAME:c99extidentifier)";
				SKIP_INSTALL = YES;
				SWIFT_OPTIMIZATION_LEVEL = "-Onone";
				SWIFT_VERSION = 5.0;
				TARGETED_DEVICE_FAMILY = "1,2";
				VERSIONING_SYSTEM = "apple-generic";
				VERSION_INFO_PREFIX = "";
			};
			name = Debug;
		};
		F061305223F4C54200DD39B3 /* Release */ = {
			isa = XCBuildConfiguration;
			buildSettings = {
				CLANG_ENABLE_MODULES = YES;
				CODE_SIGN_STYLE = Automatic;
				CURRENT_PROJECT_VERSION = 1;
				DEFINES_MODULE = YES;
				DEVELOPMENT_TEAM = X7ERH955JW;
				DYLIB_COMPATIBILITY_VERSION = 1;
				DYLIB_CURRENT_VERSION = 1;
				DYLIB_INSTALL_NAME_BASE = "@rpath";
				INFOPLIST_FILE = SOTopTwentyKit/Info.plist;
				INSTALL_PATH = "$(LOCAL_LIBRARY_DIR)/Frameworks";
				LD_RUNPATH_SEARCH_PATHS = (
					"$(inherited)",
					"@executable_path/Frameworks",
					"@loader_path/Frameworks",
				);
				PRODUCT_BUNDLE_IDENTIFIER = uk.co.ironworksMediaLimited.SOTopTwentyKit;
				PRODUCT_NAME = "$(TARGET_NAME:c99extidentifier)";
				SKIP_INSTALL = YES;
				SWIFT_VERSION = 5.0;
				TARGETED_DEVICE_FAMILY = "1,2";
				VERSIONING_SYSTEM = "apple-generic";
				VERSION_INFO_PREFIX = "";
			};
			name = Release;
		};
		F061305423F4C54200DD39B3 /* Debug */ = {
			isa = XCBuildConfiguration;
			buildSettings = {
				ALWAYS_EMBED_SWIFT_STANDARD_LIBRARIES = YES;
				CODE_SIGN_STYLE = Automatic;
				DEVELOPMENT_TEAM = X7ERH955JW;
				INFOPLIST_FILE = SOTopTwentyKitTests/Info.plist;
				LD_RUNPATH_SEARCH_PATHS = (
					"$(inherited)",
					"@executable_path/Frameworks",
					"@loader_path/Frameworks",
				);
				PRODUCT_BUNDLE_IDENTIFIER = uk.co.ironworksMediaLimited.SOTopTwentyKitTests;
				PRODUCT_NAME = "$(TARGET_NAME)";
				SWIFT_VERSION = 5.0;
				TARGETED_DEVICE_FAMILY = "1,2";
				TEST_HOST = "$(BUILT_PRODUCTS_DIR)/SOTopTwenty.app/SOTopTwenty";
			};
			name = Debug;
		};
		F061305523F4C54200DD39B3 /* Release */ = {
			isa = XCBuildConfiguration;
			buildSettings = {
				ALWAYS_EMBED_SWIFT_STANDARD_LIBRARIES = YES;
				CODE_SIGN_STYLE = Automatic;
				DEVELOPMENT_TEAM = X7ERH955JW;
				INFOPLIST_FILE = SOTopTwentyKitTests/Info.plist;
				LD_RUNPATH_SEARCH_PATHS = (
					"$(inherited)",
					"@executable_path/Frameworks",
					"@loader_path/Frameworks",
				);
				PRODUCT_BUNDLE_IDENTIFIER = uk.co.ironworksMediaLimited.SOTopTwentyKitTests;
				PRODUCT_NAME = "$(TARGET_NAME)";
				SWIFT_VERSION = 5.0;
				TARGETED_DEVICE_FAMILY = "1,2";
				TEST_HOST = "$(BUILT_PRODUCTS_DIR)/SOTopTwenty.app/SOTopTwenty";
			};
			name = Release;
		};
		F061307323F5AAC700DD39B3 /* Debug */ = {
			isa = XCBuildConfiguration;
			buildSettings = {
				CLANG_ENABLE_MODULES = YES;
				CODE_SIGN_STYLE = Automatic;
				CURRENT_PROJECT_VERSION = 1;
				DEFINES_MODULE = YES;
				DEVELOPMENT_TEAM = X7ERH955JW;
				DYLIB_COMPATIBILITY_VERSION = 1;
				DYLIB_CURRENT_VERSION = 1;
				DYLIB_INSTALL_NAME_BASE = "@rpath";
				INFOPLIST_FILE = SOTopTwenty_iOS/Info.plist;
				INSTALL_PATH = "$(LOCAL_LIBRARY_DIR)/Frameworks";
				LD_RUNPATH_SEARCH_PATHS = (
					"$(inherited)",
					"@executable_path/Frameworks",
					"@loader_path/Frameworks",
				);
				PRODUCT_BUNDLE_IDENTIFIER = "uk.co.ironworksMediaLimited.SOTopTwenty-iOS";
				PRODUCT_NAME = "$(TARGET_NAME:c99extidentifier)";
				SKIP_INSTALL = YES;
				SWIFT_OPTIMIZATION_LEVEL = "-Onone";
				SWIFT_VERSION = 5.0;
				TARGETED_DEVICE_FAMILY = "1,2";
				VERSIONING_SYSTEM = "apple-generic";
				VERSION_INFO_PREFIX = "";
			};
			name = Debug;
		};
		F061307423F5AAC700DD39B3 /* Release */ = {
			isa = XCBuildConfiguration;
			buildSettings = {
				CLANG_ENABLE_MODULES = YES;
				CODE_SIGN_STYLE = Automatic;
				CURRENT_PROJECT_VERSION = 1;
				DEFINES_MODULE = YES;
				DEVELOPMENT_TEAM = X7ERH955JW;
				DYLIB_COMPATIBILITY_VERSION = 1;
				DYLIB_CURRENT_VERSION = 1;
				DYLIB_INSTALL_NAME_BASE = "@rpath";
				INFOPLIST_FILE = SOTopTwenty_iOS/Info.plist;
				INSTALL_PATH = "$(LOCAL_LIBRARY_DIR)/Frameworks";
				LD_RUNPATH_SEARCH_PATHS = (
					"$(inherited)",
					"@executable_path/Frameworks",
					"@loader_path/Frameworks",
				);
				PRODUCT_BUNDLE_IDENTIFIER = "uk.co.ironworksMediaLimited.SOTopTwenty-iOS";
				PRODUCT_NAME = "$(TARGET_NAME:c99extidentifier)";
				SKIP_INSTALL = YES;
				SWIFT_VERSION = 5.0;
				TARGETED_DEVICE_FAMILY = "1,2";
				VERSIONING_SYSTEM = "apple-generic";
				VERSION_INFO_PREFIX = "";
			};
			name = Release;
		};
		F061307623F5AAC700DD39B3 /* Debug */ = {
			isa = XCBuildConfiguration;
			buildSettings = {
				ALWAYS_EMBED_SWIFT_STANDARD_LIBRARIES = YES;
				CODE_SIGN_STYLE = Automatic;
				DEVELOPMENT_TEAM = X7ERH955JW;
				INFOPLIST_FILE = SOTopTwenty_iOSTests/Info.plist;
				LD_RUNPATH_SEARCH_PATHS = (
					"$(inherited)",
					"@executable_path/Frameworks",
					"@loader_path/Frameworks",
				);
				PRODUCT_BUNDLE_IDENTIFIER = "uk.co.ironworksMediaLimited.SOTopTwenty-iOSTests";
				PRODUCT_NAME = "$(TARGET_NAME)";
				SWIFT_VERSION = 5.0;
				TARGETED_DEVICE_FAMILY = "1,2";
				TEST_HOST = "$(BUILT_PRODUCTS_DIR)/SOTopTwenty.app/SOTopTwenty";
			};
			name = Debug;
		};
		F061307723F5AAC700DD39B3 /* Release */ = {
			isa = XCBuildConfiguration;
			buildSettings = {
				ALWAYS_EMBED_SWIFT_STANDARD_LIBRARIES = YES;
				CODE_SIGN_STYLE = Automatic;
				DEVELOPMENT_TEAM = X7ERH955JW;
				INFOPLIST_FILE = SOTopTwenty_iOSTests/Info.plist;
				LD_RUNPATH_SEARCH_PATHS = (
					"$(inherited)",
					"@executable_path/Frameworks",
					"@loader_path/Frameworks",
				);
				PRODUCT_BUNDLE_IDENTIFIER = "uk.co.ironworksMediaLimited.SOTopTwenty-iOSTests";
				PRODUCT_NAME = "$(TARGET_NAME)";
				SWIFT_VERSION = 5.0;
				TARGETED_DEVICE_FAMILY = "1,2";
				TEST_HOST = "$(BUILT_PRODUCTS_DIR)/SOTopTwenty.app/SOTopTwenty";
			};
			name = Release;
		};
		F06130A723F5BE3B00DD39B3 /* Debug */ = {
			isa = XCBuildConfiguration;
			buildSettings = {
				CLANG_ENABLE_MODULES = YES;
				CODE_SIGN_STYLE = Automatic;
				CURRENT_PROJECT_VERSION = 1;
				DEFINES_MODULE = YES;
				DEVELOPMENT_TEAM = X7ERH955JW;
				DYLIB_COMPATIBILITY_VERSION = 1;
				DYLIB_CURRENT_VERSION = 1;
				DYLIB_INSTALL_NAME_BASE = "@rpath";
				INFOPLIST_FILE = SOTopTwentyUIKit/Info.plist;
				INSTALL_PATH = "$(LOCAL_LIBRARY_DIR)/Frameworks";
				LD_RUNPATH_SEARCH_PATHS = (
					"$(inherited)",
					"@executable_path/Frameworks",
					"@loader_path/Frameworks",
				);
				PRODUCT_BUNDLE_IDENTIFIER = uk.co.ironworksMediaLimited.SOTopTwentyUIKit;
				PRODUCT_NAME = "$(TARGET_NAME:c99extidentifier)";
				SKIP_INSTALL = YES;
				SWIFT_OPTIMIZATION_LEVEL = "-Onone";
				SWIFT_VERSION = 5.0;
				TARGETED_DEVICE_FAMILY = "1,2";
				VERSIONING_SYSTEM = "apple-generic";
				VERSION_INFO_PREFIX = "";
			};
			name = Debug;
		};
		F06130A823F5BE3B00DD39B3 /* Release */ = {
			isa = XCBuildConfiguration;
			buildSettings = {
				CLANG_ENABLE_MODULES = YES;
				CODE_SIGN_STYLE = Automatic;
				CURRENT_PROJECT_VERSION = 1;
				DEFINES_MODULE = YES;
				DEVELOPMENT_TEAM = X7ERH955JW;
				DYLIB_COMPATIBILITY_VERSION = 1;
				DYLIB_CURRENT_VERSION = 1;
				DYLIB_INSTALL_NAME_BASE = "@rpath";
				INFOPLIST_FILE = SOTopTwentyUIKit/Info.plist;
				INSTALL_PATH = "$(LOCAL_LIBRARY_DIR)/Frameworks";
				LD_RUNPATH_SEARCH_PATHS = (
					"$(inherited)",
					"@executable_path/Frameworks",
					"@loader_path/Frameworks",
				);
				PRODUCT_BUNDLE_IDENTIFIER = uk.co.ironworksMediaLimited.SOTopTwentyUIKit;
				PRODUCT_NAME = "$(TARGET_NAME:c99extidentifier)";
				SKIP_INSTALL = YES;
				SWIFT_VERSION = 5.0;
				TARGETED_DEVICE_FAMILY = "1,2";
				VERSIONING_SYSTEM = "apple-generic";
				VERSION_INFO_PREFIX = "";
			};
			name = Release;
		};
		F06130AA23F5BE3B00DD39B3 /* Debug */ = {
			isa = XCBuildConfiguration;
			buildSettings = {
				ALWAYS_EMBED_SWIFT_STANDARD_LIBRARIES = YES;
				CODE_SIGN_STYLE = Automatic;
				DEVELOPMENT_TEAM = X7ERH955JW;
				INFOPLIST_FILE = SOTopTwentyUIKitTests/Info.plist;
				LD_RUNPATH_SEARCH_PATHS = (
					"$(inherited)",
					"@executable_path/Frameworks",
					"@loader_path/Frameworks",
				);
				PRODUCT_BUNDLE_IDENTIFIER = uk.co.ironworksMediaLimited.SOTopTwentyUIKitTests;
				PRODUCT_NAME = "$(TARGET_NAME)";
				SWIFT_VERSION = 5.0;
				TARGETED_DEVICE_FAMILY = "1,2";
				TEST_HOST = "$(BUILT_PRODUCTS_DIR)/SOTopTwenty.app/SOTopTwenty";
			};
			name = Debug;
		};
		F06130AB23F5BE3B00DD39B3 /* Release */ = {
			isa = XCBuildConfiguration;
			buildSettings = {
				ALWAYS_EMBED_SWIFT_STANDARD_LIBRARIES = YES;
				CODE_SIGN_STYLE = Automatic;
				DEVELOPMENT_TEAM = X7ERH955JW;
				INFOPLIST_FILE = SOTopTwentyUIKitTests/Info.plist;
				LD_RUNPATH_SEARCH_PATHS = (
					"$(inherited)",
					"@executable_path/Frameworks",
					"@loader_path/Frameworks",
				);
				PRODUCT_BUNDLE_IDENTIFIER = uk.co.ironworksMediaLimited.SOTopTwentyUIKitTests;
				PRODUCT_NAME = "$(TARGET_NAME)";
				SWIFT_VERSION = 5.0;
				TARGETED_DEVICE_FAMILY = "1,2";
				TEST_HOST = "$(BUILT_PRODUCTS_DIR)/SOTopTwenty.app/SOTopTwenty";
			};
			name = Release;
		};
/* End XCBuildConfiguration section */

/* Begin XCConfigurationList section */
		F061300623F4C37100DD39B3 /* Build configuration list for PBXProject "SOTopTwenty" */ = {
			isa = XCConfigurationList;
			buildConfigurations = (
				F061301D23F4C37700DD39B3 /* Debug */,
				F061301E23F4C37700DD39B3 /* Release */,
			);
			defaultConfigurationIsVisible = 0;
			defaultConfigurationName = Release;
		};
		F061301F23F4C37700DD39B3 /* Build configuration list for PBXNativeTarget "SOTopTwenty" */ = {
			isa = XCConfigurationList;
			buildConfigurations = (
				F061302023F4C37700DD39B3 /* Debug */,
				F061302123F4C37700DD39B3 /* Release */,
			);
			defaultConfigurationIsVisible = 0;
			defaultConfigurationName = Release;
		};
		F061305023F4C54200DD39B3 /* Build configuration list for PBXNativeTarget "SOTopTwentyKit" */ = {
			isa = XCConfigurationList;
			buildConfigurations = (
				F061305123F4C54200DD39B3 /* Debug */,
				F061305223F4C54200DD39B3 /* Release */,
			);
			defaultConfigurationIsVisible = 0;
			defaultConfigurationName = Release;
		};
		F061305323F4C54200DD39B3 /* Build configuration list for PBXNativeTarget "SOTopTwentyKitTests" */ = {
			isa = XCConfigurationList;
			buildConfigurations = (
				F061305423F4C54200DD39B3 /* Debug */,
				F061305523F4C54200DD39B3 /* Release */,
			);
			defaultConfigurationIsVisible = 0;
			defaultConfigurationName = Release;
		};
		F061307223F5AAC700DD39B3 /* Build configuration list for PBXNativeTarget "SOTopTwenty_iOS" */ = {
			isa = XCConfigurationList;
			buildConfigurations = (
				F061307323F5AAC700DD39B3 /* Debug */,
				F061307423F5AAC700DD39B3 /* Release */,
			);
			defaultConfigurationIsVisible = 0;
			defaultConfigurationName = Release;
		};
		F061307523F5AAC700DD39B3 /* Build configuration list for PBXNativeTarget "SOTopTwenty_iOSTests" */ = {
			isa = XCConfigurationList;
			buildConfigurations = (
				F061307623F5AAC700DD39B3 /* Debug */,
				F061307723F5AAC700DD39B3 /* Release */,
			);
			defaultConfigurationIsVisible = 0;
			defaultConfigurationName = Release;
		};
		F06130A623F5BE3B00DD39B3 /* Build configuration list for PBXNativeTarget "SOTopTwentyUIKit" */ = {
			isa = XCConfigurationList;
			buildConfigurations = (
				F06130A723F5BE3B00DD39B3 /* Debug */,
				F06130A823F5BE3B00DD39B3 /* Release */,
			);
			defaultConfigurationIsVisible = 0;
			defaultConfigurationName = Release;
		};
		F06130A923F5BE3B00DD39B3 /* Build configuration list for PBXNativeTarget "SOTopTwentyUIKitTests" */ = {
			isa = XCConfigurationList;
			buildConfigurations = (
				F06130AA23F5BE3B00DD39B3 /* Debug */,
				F06130AB23F5BE3B00DD39B3 /* Release */,
			);
			defaultConfigurationIsVisible = 0;
			defaultConfigurationName = Release;
		};
/* End XCConfigurationList section */
	};
	rootObject = F061300323F4C37100DD39B3 /* Project object */;
}
